
Microsoft Visual Studio Solution File, Format Version 12.00
# Visual Studio Version 16
VisualStudioVersion = 16.0.30114.105
MinimumVisualStudioVersion = 10.0.40219.1
Project("{FAE04EC0-301F-11D3-BF4B-00C04F79EFBC}") = "CoffeeCalculator", "CoffeeCalculator\CoffeeCalculator.csproj", "{F21E3ECA-2149-4B27-9913-1BCD5B1061B0}"
EndProject
Project("{FAE04EC0-301F-11D3-BF4B-00C04F79EFBC}") = "console", "console\console.csproj", "{302C533C-85B2-44A8-B741-6BDF086C3DC8}"
EndProject
Project("{FAE04EC0-301F-11D3-BF4B-00C04F79EFBC}") = "CoffeeCalculator.API", "CoffeeCalculator.API\CoffeeCalculator.API.csproj", "{A3D83079-927E-4406-9D04-5F57457EA8ED}"
EndProject
Global
	GlobalSection(SolutionConfigurationPlatforms) = preSolution
		Debug|Any CPU = Debug|Any CPU
		Release|Any CPU = Release|Any CPU
	EndGlobalSection
	GlobalSection(SolutionProperties) = preSolution
		HideSolutionNode = FALSE
	EndGlobalSection
	GlobalSection(ProjectConfigurationPlatforms) = postSolution
		{F21E3ECA-2149-4B27-9913-1BCD5B1061B0}.Debug|Any CPU.ActiveCfg = Debug|Any CPU
		{F21E3ECA-2149-4B27-9913-1BCD5B1061B0}.Debug|Any CPU.Build.0 = Debug|Any CPU
		{F21E3ECA-2149-4B27-9913-1BCD5B1061B0}.Release|Any CPU.ActiveCfg = Release|Any CPU
		{F21E3ECA-2149-4B27-9913-1BCD5B1061B0}.Release|Any CPU.Build.0 = Release|Any CPU
		{302C533C-85B2-44A8-B741-6BDF086C3DC8}.Debug|Any CPU.ActiveCfg = Debug|Any CPU
		{302C533C-85B2-44A8-B741-6BDF086C3DC8}.Debug|Any CPU.Build.0 = Debug|Any CPU
		{302C533C-85B2-44A8-B741-6BDF086C3DC8}.Release|Any CPU.ActiveCfg = Release|Any CPU
		{302C533C-85B2-44A8-B741-6BDF086C3DC8}.Release|Any CPU.Build.0 = Release|Any CPU
		{A3D83079-927E-4406-9D04-5F57457EA8ED}.Debug|Any CPU.ActiveCfg = Debug|Any CPU
		{A3D83079-927E-4406-9D04-5F57457EA8ED}.Debug|Any CPU.Build.0 = Debug|Any CPU
		{A3D83079-927E-4406-9D04-5F57457EA8ED}.Release|Any CPU.ActiveCfg = Release|Any CPU
		{A3D83079-927E-4406-9D04-5F57457EA8ED}.Release|Any CPU.Build.0 = Release|Any CPU
	EndGlobalSection
EndGlobal
